
Microsoft Visual Studio Solution File, Format Version 12.00
# Visual Studio Version 16
VisualStudioVersion = 16.0.30104.148
MinimumVisualStudioVersion = 10.0.40219.1
Project("{FAE04EC0-301F-11D3-BF4B-00C04F79EFBC}") = "CodHap.SampleLib", "CodHap.SampleLib\CodHap.SampleLib.csproj", "{BD7F9971-3C01-4814-8F7E-2ECF50F04D61}"
EndProject
Project("{FAE04EC0-301F-11D3-BF4B-00C04F79EFBC}") = "CodHap.SampleLib.Tests", "CodHap.SampleLib.Tests\CodHap.SampleLib.Tests.csproj", "{D76101DD-5EE1-4C28-841D-D17FC8E34B1F}"
EndProject
Project("{2150E333-8FDC-42A3-9474-1A3956D46DE8}") = "Core", "Core", "{D1610D0D-043E-4CF9-B7D8-9ABBE59E8868}"
EndProject
Project("{2150E333-8FDC-42A3-9474-1A3956D46DE8}") = "Tests", "Tests", "{3302FBA2-5F11-4EA6-9FFD-B93ECDB2E1A5}"
EndProject
Project("{FAE04EC0-301F-11D3-BF4B-00C04F79EFBC}") = "CodHap.RemotePairing", "CodHap.RemotePairing\CodHap.RemotePairing.csproj", "{D8C6CF35-EE11-4FB3-8E8F-09ACCDE96C6D}"
EndProject
Global
	GlobalSection(SolutionConfigurationPlatforms) = preSolution
		Debug|Any CPU = Debug|Any CPU
		Release|Any CPU = Release|Any CPU
	EndGlobalSection
	GlobalSection(ProjectConfigurationPlatforms) = postSolution
		{BD7F9971-3C01-4814-8F7E-2ECF50F04D61}.Debug|Any CPU.ActiveCfg = Debug|Any CPU
		{BD7F9971-3C01-4814-8F7E-2ECF50F04D61}.Debug|Any CPU.Build.0 = Debug|Any CPU
		{BD7F9971-3C01-4814-8F7E-2ECF50F04D61}.Release|Any CPU.ActiveCfg = Release|Any CPU
		{BD7F9971-3C01-4814-8F7E-2ECF50F04D61}.Release|Any CPU.Build.0 = Release|Any CPU
		{D76101DD-5EE1-4C28-841D-D17FC8E34B1F}.Debug|Any CPU.ActiveCfg = Debug|Any CPU
		{D76101DD-5EE1-4C28-841D-D17FC8E34B1F}.Debug|Any CPU.Build.0 = Debug|Any CPU
		{D76101DD-5EE1-4C28-841D-D17FC8E34B1F}.Release|Any CPU.ActiveCfg = Release|Any CPU
		{D76101DD-5EE1-4C28-841D-D17FC8E34B1F}.Release|Any CPU.Build.0 = Release|Any CPU
		{D8C6CF35-EE11-4FB3-8E8F-09ACCDE96C6D}.Debug|Any CPU.ActiveCfg = Debug|Any CPU
		{D8C6CF35-EE11-4FB3-8E8F-09ACCDE96C6D}.Debug|Any CPU.Build.0 = Debug|Any CPU
		{D8C6CF35-EE11-4FB3-8E8F-09ACCDE96C6D}.Release|Any CPU.ActiveCfg = Release|Any CPU
		{D8C6CF35-EE11-4FB3-8E8F-09ACCDE96C6D}.Release|Any CPU.Build.0 = Release|Any CPU
	EndGlobalSection
	GlobalSection(SolutionProperties) = preSolution
		HideSolutionNode = FALSE
	EndGlobalSection
	GlobalSection(NestedProjects) = preSolution
		{BD7F9971-3C01-4814-8F7E-2ECF50F04D61} = {D1610D0D-043E-4CF9-B7D8-9ABBE59E8868}
		{D76101DD-5EE1-4C28-841D-D17FC8E34B1F} = {3302FBA2-5F11-4EA6-9FFD-B93ECDB2E1A5}
		{D8C6CF35-EE11-4FB3-8E8F-09ACCDE96C6D} = {D1610D0D-043E-4CF9-B7D8-9ABBE59E8868}
	EndGlobalSection
	GlobalSection(ExtensibilityGlobals) = postSolution
		SolutionGuid = {BA0F5ED7-5CA1-4DA4-80E5-A50E4A00C514}
	EndGlobalSection
EndGlobal
